
Microsoft Visual Studio Solution File, Format Version 12.00
Project("{FAE04EC0-301F-11D3-BF4B-00C04F79EFBC}") = "expense-tracker-cli", "expense-tracker-cli\expense-tracker-cli.csproj", "{6EB580F1-668B-4792-B33A-F57C90F5E5CD}"
EndProject
Global
	GlobalSection(SolutionConfigurationPlatforms) = preSolution
		Debug|Any CPU = Debug|Any CPU
		Release|Any CPU = Release|Any CPU
	EndGlobalSection
	GlobalSection(ProjectConfigurationPlatforms) = postSolution
		{6EB580F1-668B-4792-B33A-F57C90F5E5CD}.Debug|Any CPU.ActiveCfg = Debug|Any CPU
		{6EB580F1-668B-4792-B33A-F57C90F5E5CD}.Debug|Any CPU.Build.0 = Debug|Any CPU
		{6EB580F1-668B-4792-B33A-F57C90F5E5CD}.Release|Any CPU.ActiveCfg = Release|Any CPU
		{6EB580F1-668B-4792-B33A-F57C90F5E5CD}.Release|Any CPU.Build.0 = Release|Any CPU
	EndGlobalSection
EndGlobal
